
Microsoft Visual Studio Solution File, Format Version 12.00
# Visual Studio Version 17
VisualStudioVersion = 17.4.33403.182
MinimumVisualStudioVersion = 10.0.40219.1
Project("{FAE04EC0-301F-11D3-BF4B-00C04F79EFBC}") = "MvcNetCoreEF", "MvcNetCoreEF\MvcNetCoreEF.csproj", "{8D9FBCC9-B8C7-4BB7-86B5-58F0096E1B4A}"
EndProject
Global
	GlobalSection(SolutionConfigurationPlatforms) = preSolution
		Debug|Any CPU = Debug|Any CPU
		Release|Any CPU = Release|Any CPU
	EndGlobalSection
	GlobalSection(ProjectConfigurationPlatforms) = postSolution
		{8D9FBCC9-B8C7-4BB7-86B5-58F0096E1B4A}.Debug|Any CPU.ActiveCfg = Debug|Any CPU
		{8D9FBCC9-B8C7-4BB7-86B5-58F0096E1B4A}.Debug|Any CPU.Build.0 = Debug|Any CPU
		{8D9FBCC9-B8C7-4BB7-86B5-58F0096E1B4A}.Release|Any CPU.ActiveCfg = Release|Any CPU
		{8D9FBCC9-B8C7-4BB7-86B5-58F0096E1B4A}.Release|Any CPU.Build.0 = Release|Any CPU
	EndGlobalSection
	GlobalSection(SolutionProperties) = preSolution
		HideSolutionNode = FALSE
	EndGlobalSection
	GlobalSection(ExtensibilityGlobals) = postSolution
		SolutionGuid = {E49F77C8-EB59-4BE7-9B90-78A97F05334B}
	EndGlobalSection
EndGlobal
